{
  "requires": true,
  "lockfileVersion": 1,
  "dependencies": {
    "bootswatch": {
      "version": "5.0.1",
      "resolved": "https://registry.npmjs.org/bootswatch/-/bootswatch-5.0.1.tgz",
      "integrity": "sha512-qTTUvlBzyd7VR8S089uYRmCYmrAZruPhqEE9yCdek0fm4ELbJ3hGKAILT/tEv3N3r5Aps4teybQr/uCG3e9IaA=="
    }
  }
}
